<?xml version="1.0" encoding="utf-8"?>
<Project ToolsVersion="4.0" xmlns="http://schemas.microsoft.com/developer/msbuild/2003">
  <ItemGroup>
    <Filter Include="Archivos de origen">
      <UniqueIdentifier>{4FC737F1-C7A5-4376-A066-2A32D752A2FF}</UniqueIdentifier>
      <Extensions>cpp;c;cc;cxx;def;odl;idl;hpj;bat;asm;asmx</Extensions>
    </Filter>
    <Filter Include="Archivos de encabezado">
      <UniqueIdentifier>{93995380-89BD-4b04-88EB-625FBE52EBFB}</UniqueIdentifier>
      <Extensions>h;hh;hpp;hxx;hm;inl;inc;ipp;xsd</Extensions>
    </Filter>
    <Filter Include="Source Files">
      <UniqueIdentifier>{67DA6AB6-F800-4c08-8B7A-83BB121AAD01}</UniqueIdentifier>
      <Extensions>rc;ico;cur;bmp;dlg;rc2;rct;bin;rgs;gif;jpg;jpeg;jpe;resx;tiff;tif;png;wav;mfcribbon-ms</Extensions>
    </Filter>
    <Filter Include="Source Files\Application">
      <UniqueIdentifier>{aa163c3d-8840-4934-af38-38db0d26713c}</UniqueIdentifier>
    </Filter>
    <Filter Include="Source Files\Entities">
      <UniqueIdentifier>{2f926ee0-fd65-4781-a15a-2faff99d8d4d}</UniqueIdentifier>
    </Filter>
    <Filter Include="Source Files\Entities\Enemies">
      <UniqueIdentifier>{af688259-c628-40e5-9f1a-cbb59690eb4f}</UniqueIdentifier>
    </Filter>
    <Filter Include="Source Files\Modules">
      <UniqueIdentifier>{48928c26-bd35-49fb-84c1-68fa20740120}</UniqueIdentifier>
    </Filter>
    <Filter Include="Source Files\Modules\Core">
      <UniqueIdentifier>{928ce6a7-63fb-43ff-b03d-1e1ec996babe}</UniqueIdentifier>
    </Filter>
    <Filter Include="Source Files\Modules\Gameplay">
      <UniqueIdentifier>{4bc488b6-f292-4e4b-81ab-a0fce497d118}</UniqueIdentifier>
    </Filter>
    <Filter Include="Source Files\Utils">
      <UniqueIdentifier>{d763f5dd-0447-47e4-9641-2f2868a71f9a}</UniqueIdentifier>
    </Filter>
  </ItemGroup>
  <ItemGroup>
    <ClInclude Include="Application.h">
      <Filter>Source Files\Application</Filter>
    </ClInclude>
    <ClInclude Include="Globals.h">
      <Filter>Source Files\Application</Filter>
    </ClInclude>
    <ClInclude Include="MemLeaks.h">
      <Filter>Source Files\Application</Filter>
    </ClInclude>
    <ClInclude Include="Enemy.h">
      <Filter>Source Files\Entities\Enemies</Filter>
    </ClInclude>
    <ClInclude Include="Particle.h">
      <Filter>Source Files\Entities</Filter>
    </ClInclude>
    <ClInclude Include="ModuleAudio.h">
      <Filter>Source Files\Modules\Core</Filter>
    </ClInclude>
    <ClInclude Include="ModuleCollisions.h">
      <Filter>Source Files\Modules\Core</Filter>
    </ClInclude>
    <ClInclude Include="ModuleInput.h">
      <Filter>Source Files\Modules\Core</Filter>
    </ClInclude>
    <ClInclude Include="ModuleParticles.h">
      <Filter>Source Files\Modules\Core</Filter>
    </ClInclude>
    <ClInclude Include="ModuleRender.h">
      <Filter>Source Files\Modules\Core</Filter>
    </ClInclude>
    <ClInclude Include="ModuleTextures.h">
      <Filter>Source Files\Modules\Core</Filter>
    </ClInclude>
    <ClInclude Include="ModuleWindow.h">
      <Filter>Source Files\Modules\Core</Filter>
    </ClInclude>
    <ClInclude Include="ModuleEnemies.h">
      <Filter>Source Files\Modules\Gameplay</Filter>
    </ClInclude>
    <ClInclude Include="ModulePlayer.h">
      <Filter>Source Files\Modules\Gameplay</Filter>
    </ClInclude>
    <ClInclude Include="Module.h">
      <Filter>Source Files\Modules</Filter>
    </ClInclude>
    <ClInclude Include="Animation.h">
      <Filter>Source Files\Utils</Filter>
    </ClInclude>
    <ClInclude Include="Collider.h">
      <Filter>Source Files\Utils</Filter>
    </ClInclude>
    <ClInclude Include="p2Point.h">
      <Filter>Source Files\Utils</Filter>
    </ClInclude>
    <ClInclude Include="Path.h">
      <Filter>Source Files\Utils</Filter>
    </ClInclude>
    <ClInclude Include="Enemy_Demon.h">
      <Filter>Source Files\Entities\Enemies</Filter>
    </ClInclude>
    <ClInclude Include="SceneLevel1.h">
      <Filter>Source Files\Modules\Gameplay</Filter>
    </ClInclude>
    <ClInclude Include="SceneIntro.h">
      <Filter>Source Files\Modules\Gameplay</Filter>
    </ClInclude>
    <ClInclude Include="ModuleFadeToBlack.h">
      <Filter>Source Files\Modules\Core</Filter>
    </ClInclude>
    <ClInclude Include="ModuleFonts.h">
      <Filter>Source Files\Modules\Core</Filter>
    </ClInclude>
    <ClInclude Include="GameOver.h">
      <Filter>Source Files\Modules\Gameplay</Filter>
    </ClInclude>
    <ClInclude Include="SceneLevel2.h">
      <Filter>Source Files\Modules\Gameplay</Filter>
    </ClInclude>
    <ClInclude Include="SceneLevel3.h">
      <Filter>Source Files\Modules\Gameplay</Filter>
    </ClInclude>
    <ClInclude Include="SceneLevel4.h">
      <Filter>Source Files\Modules\Gameplay</Filter>
    </ClInclude>
    <ClInclude Include="SceneLevel5.h">
      <Filter>Source Files\Modules\Gameplay</Filter>
    </ClInclude>
    <ClInclude Include="SceneLevel6.h">
      <Filter>Source Files\Modules\Gameplay</Filter>
    </ClInclude>
    <ClInclude Include="SceneLevel7.h">
      <Filter>Source Files\Modules\Gameplay</Filter>
    </ClInclude>
    <ClInclude Include="SceneLevel8.h">
      <Filter>Source Files\Modules\Gameplay</Filter>
    </ClInclude>
    <ClInclude Include="SceneLevel9.h">
      <Filter>Source Files\Modules\Gameplay</Filter>
    </ClInclude>
    <ClInclude Include="SceneLevel10.h">
      <Filter>Source Files\Modules\Gameplay</Filter>
    </ClInclude>
  </ItemGroup>
  <ItemGroup>
    <ClCompile Include="Application.cpp">
      <Filter>Source Files\Application</Filter>
    </ClCompile>
    <ClCompile Include="Globals.cpp">
      <Filter>Source Files\Application</Filter>
    </ClCompile>
    <ClCompile Include="Main.cpp">
      <Filter>Source Files\Application</Filter>
    </ClCompile>
    <ClCompile Include="Enemy.cpp">
      <Filter>Source Files\Entities\Enemies</Filter>
    </ClCompile>
    <ClCompile Include="Particle.cpp">
      <Filter>Source Files\Entities</Filter>
    </ClCompile>
    <ClCompile Include="ModuleAudio.cpp">
      <Filter>Source Files\Modules\Core</Filter>
    </ClCompile>
    <ClCompile Include="ModuleCollisions.cpp">
      <Filter>Source Files\Modules\Core</Filter>
    </ClCompile>
    <ClCompile Include="ModuleInput.cpp">
      <Filter>Source Files\Modules\Core</Filter>
    </ClCompile>
    <ClCompile Include="ModuleParticles.cpp">
      <Filter>Source Files\Modules\Core</Filter>
    </ClCompile>
    <ClCompile Include="ModuleRender.cpp">
      <Filter>Source Files\Modules\Core</Filter>
    </ClCompile>
    <ClCompile Include="ModuleTextures.cpp">
      <Filter>Source Files\Modules\Core</Filter>
    </ClCompile>
    <ClCompile Include="ModuleWindow.cpp">
      <Filter>Source Files\Modules\Core</Filter>
    </ClCompile>
    <ClCompile Include="ModuleEnemies.cpp">
      <Filter>Source Files\Modules\Gameplay</Filter>
    </ClCompile>
    <ClCompile Include="ModulePlayer.cpp">
      <Filter>Source Files\Modules\Gameplay</Filter>
    </ClCompile>
    <ClCompile Include="Module.cpp">
      <Filter>Source Files\Modules</Filter>
    </ClCompile>
    <ClCompile Include="Collider.cpp">
      <Filter>Source Files\Utils</Filter>
    </ClCompile>
    <ClCompile Include="Path.cpp">
      <Filter>Source Files\Utils</Filter>
    </ClCompile>
    <ClCompile Include="Enemy_Demon.cpp">
      <Filter>Source Files\Entities\Enemies</Filter>
    </ClCompile>
    <ClCompile Include="SceneLevel1.cpp">
      <Filter>Source Files\Modules\Gameplay</Filter>
    </ClCompile>
    <ClCompile Include="SceneIntro.cpp">
      <Filter>Source Files\Modules\Gameplay</Filter>
    </ClCompile>
    <ClCompile Include="ModuleFadeToBlack.cpp">
      <Filter>Source Files\Modules\Core</Filter>
    </ClCompile>
    <ClCompile Include="ModuleFonts.cpp">
      <Filter>Source Files\Modules\Core</Filter>
    </ClCompile>
    <ClCompile Include="GameOver.cpp">
      <Filter>Source Files\Modules\Gameplay</Filter>
    </ClCompile>
    <ClCompile Include="SceneLevel2.cpp">
      <Filter>Source Files\Modules\Gameplay</Filter>
    </ClCompile>
    <ClCompile Include="SceneLevel3.cpp">
      <Filter>Source Files\Modules\Gameplay</Filter>
    </ClCompile>
    <ClCompile Include="SceneLevel4.cpp">
      <Filter>Source Files\Modules\Gameplay</Filter>
    </ClCompile>
    <ClCompile Include="SceneLevel5.cpp">
      <Filter>Source Files\Modules\Gameplay</Filter>
    </ClCompile>
    <ClCompile Include="SceneLevel6.cpp">
      <Filter>Source Files\Modules\Gameplay</Filter>
    </ClCompile>
    <ClCompile Include="SceneLevel7.cpp">
      <Filter>Source Files\Modules\Gameplay</Filter>
    </ClCompile>
    <ClCompile Include="SceneLevel8.cpp">
      <Filter>Source Files\Modules\Gameplay</Filter>
    </ClCompile>
    <ClCompile Include="SceneLevel9.cpp">
      <Filter>Source Files\Modules\Gameplay</Filter>
    </ClCompile>
    <ClCompile Include="SceneLevel10.cpp">
      <Filter>Source Files\Modules\Gameplay</Filter>
    </ClCompile>
  </ItemGroup>
</Project>